
Microsoft Visual Studio Solution File, Format Version 12.00
# Visual Studio 15
VisualStudioVersion = 15.0.27130.2010
MinimumVisualStudioVersion = 10.0.40219.1
Project("{888888A0-9F3D-457C-B088-3A5042F75D52}") = "PagesJaunesIndicateurs", "PagesJaunesIndicateurs\PagesJaunesIndicateurs.pyproj", "{13CB47D6-B5E1-4FE9-8521-A6672FBAA720}"
EndProject
Global
	GlobalSection(SolutionConfigurationPlatforms) = preSolution
		Debug|Any CPU = Debug|Any CPU
		Release|Any CPU = Release|Any CPU
	EndGlobalSection
	GlobalSection(ProjectConfigurationPlatforms) = postSolution
		{13CB47D6-B5E1-4FE9-8521-A6672FBAA720}.Debug|Any CPU.ActiveCfg = Debug|Any CPU
		{13CB47D6-B5E1-4FE9-8521-A6672FBAA720}.Release|Any CPU.ActiveCfg = Release|Any CPU
	EndGlobalSection
	GlobalSection(SolutionProperties) = preSolution
		HideSolutionNode = FALSE
	EndGlobalSection
	GlobalSection(ExtensibilityGlobals) = postSolution
		SolutionGuid = {200FDFE2-3DE8-463A-A5C6-59049775D40D}
	EndGlobalSection
EndGlobal
